
Microsoft Visual Studio Solution File, Format Version 12.00
# Visual Studio 15
VisualStudioVersion = 15.0.28307.106
MinimumVisualStudioVersion = 10.0.40219.1
Project("{8BC9CEB8-8B4A-11D0-8D11-00A0C91BC942}") = "OSlab1", "OSlab1\OSlab1.vcxproj", "{E4DE9F7C-0D86-4876-90A4-E84340A8FD9E}"
EndProject
Global
	GlobalSection(SolutionConfigurationPlatforms) = preSolution
		Debug|ARM = Debug|ARM
		Debug|ARM64 = Debug|ARM64
		Debug|x64 = Debug|x64
		Debug|x86 = Debug|x86
		Release|ARM = Release|ARM
		Release|ARM64 = Release|ARM64
		Release|x64 = Release|x64
		Release|x86 = Release|x86
	EndGlobalSection
	GlobalSection(ProjectConfigurationPlatforms) = postSolution
		{E4DE9F7C-0D86-4876-90A4-E84340A8FD9E}.Debug|ARM.ActiveCfg = Debug|ARM
		{E4DE9F7C-0D86-4876-90A4-E84340A8FD9E}.Debug|ARM.Build.0 = Debug|ARM
		{E4DE9F7C-0D86-4876-90A4-E84340A8FD9E}.Debug|ARM64.ActiveCfg = Debug|ARM64
		{E4DE9F7C-0D86-4876-90A4-E84340A8FD9E}.Debug|ARM64.Build.0 = Debug|ARM64
		{E4DE9F7C-0D86-4876-90A4-E84340A8FD9E}.Debug|x64.ActiveCfg = Debug|x64
		{E4DE9F7C-0D86-4876-90A4-E84340A8FD9E}.Debug|x64.Build.0 = Debug|x64
		{E4DE9F7C-0D86-4876-90A4-E84340A8FD9E}.Debug|x86.ActiveCfg = Debug|x86
		{E4DE9F7C-0D86-4876-90A4-E84340A8FD9E}.Debug|x86.Build.0 = Debug|x86
		{E4DE9F7C-0D86-4876-90A4-E84340A8FD9E}.Release|ARM.ActiveCfg = Release|ARM
		{E4DE9F7C-0D86-4876-90A4-E84340A8FD9E}.Release|ARM.Build.0 = Release|ARM
		{E4DE9F7C-0D86-4876-90A4-E84340A8FD9E}.Release|ARM64.ActiveCfg = Release|ARM64
		{E4DE9F7C-0D86-4876-90A4-E84340A8FD9E}.Release|ARM64.Build.0 = Release|ARM64
		{E4DE9F7C-0D86-4876-90A4-E84340A8FD9E}.Release|x64.ActiveCfg = Release|x64
		{E4DE9F7C-0D86-4876-90A4-E84340A8FD9E}.Release|x64.Build.0 = Release|x64
		{E4DE9F7C-0D86-4876-90A4-E84340A8FD9E}.Release|x86.ActiveCfg = Release|x86
		{E4DE9F7C-0D86-4876-90A4-E84340A8FD9E}.Release|x86.Build.0 = Release|x86
	EndGlobalSection
	GlobalSection(SolutionProperties) = preSolution
		HideSolutionNode = FALSE
	EndGlobalSection
	GlobalSection(ExtensibilityGlobals) = postSolution
		SolutionGuid = {F428C66B-7A6C-4B7F-A1B6-270075B4197A}
	EndGlobalSection
EndGlobal
